
Microsoft Visual Studio Solution File, Format Version 12.00
# Visual Studio Version 17
VisualStudioVersion = 17.6.33417.168
MinimumVisualStudioVersion = 10.0.40219.1
Project("{9A19103F-16F7-4668-BE54-9A1E7A4F7556}") = "Golf Club Management", "Golf Club Management.csproj", "{A584AB5C-BE3B-4E3D-BF5C-77EAE7A99228}"
EndProject
Global
	GlobalSection(SolutionConfigurationPlatforms) = preSolution
		Debug|Any CPU = Debug|Any CPU
		Release|Any CPU = Release|Any CPU
	EndGlobalSection
	GlobalSection(ProjectConfigurationPlatforms) = postSolution
		{A584AB5C-BE3B-4E3D-BF5C-77EAE7A99228}.Debug|Any CPU.ActiveCfg = Debug|Any CPU
		{A584AB5C-BE3B-4E3D-BF5C-77EAE7A99228}.Debug|Any CPU.Build.0 = Debug|Any CPU
		{A584AB5C-BE3B-4E3D-BF5C-77EAE7A99228}.Release|Any CPU.ActiveCfg = Release|Any CPU
		{A584AB5C-BE3B-4E3D-BF5C-77EAE7A99228}.Release|Any CPU.Build.0 = Release|Any CPU
	EndGlobalSection
	GlobalSection(SolutionProperties) = preSolution
		HideSolutionNode = FALSE
	EndGlobalSection
	GlobalSection(ExtensibilityGlobals) = postSolution
		SolutionGuid = {AAAE5BC3-68FD-47B5-906C-708EFD74D804}
	EndGlobalSection
EndGlobal
